<?xml version="1.0" encoding="utf-8"?>
<Project ToolsVersion="4.0" xmlns="http://schemas.microsoft.com/developer/msbuild/2003">
  <ItemGroup>
    <ClCompile Include="GameManager.cpp">
      <Filter>Manager\GameManager</Filter>
    </ClCompile>
    <ClCompile Include="SceneManager.cpp">
      <Filter>Manager\SceneManager</Filter>
    </ClCompile>
    <ClCompile Include="Camera.cpp">
      <Filter>Entity\Camera</Filter>
    </ClCompile>
    <ClCompile Include="InputManager.cpp">
      <Filter>Manager\InputManager</Filter>
    </ClCompile>
    <ClCompile Include="Singleton.cpp">
      <Filter>Manager\DesignPattern</Filter>
    </ClCompile>
    <ClCompile Include="pch.cpp">
      <Filter>Header</Filter>
    </ClCompile>
    <ClCompile Include="Entity.cpp">
      <Filter>Entity</Filter>
    </ClCompile>
    <ClCompile Include="main.cpp" />
    <ClCompile Include="EntityManager.cpp">
      <Filter>Manager\EntityManager</Filter>
    </ClCompile>
    <ClCompile Include="Player.cpp">
      <Filter>Entity\Player</Filter>
    </ClCompile>
  </ItemGroup>
  <ItemGroup>
    <Filter Include="Header">
      <UniqueIdentifier>{011a3d6d-a62a-4f8b-9c5a-21961f8649f7}</UniqueIdentifier>
    </Filter>
    <Filter Include="Entity">
      <UniqueIdentifier>{1c3d1e7c-976e-4f97-80fd-bb17c8e5604a}</UniqueIdentifier>
    </Filter>
    <Filter Include="Manager">
      <UniqueIdentifier>{15d119a0-85c0-479e-94db-8554d5247114}</UniqueIdentifier>
    </Filter>
    <Filter Include="Manager\InputManager">
      <UniqueIdentifier>{9a47eba8-ca2b-46bd-a13e-510b1e52dbcd}</UniqueIdentifier>
    </Filter>
    <Filter Include="Manager\GameManager">
      <UniqueIdentifier>{1b1d6566-5c7c-4314-817f-fbdcd48b2c7b}</UniqueIdentifier>
    </Filter>
    <Filter Include="Manager\DesignPattern">
      <UniqueIdentifier>{bc91885f-af06-40db-b841-8e2a45d003ac}</UniqueIdentifier>
    </Filter>
    <Filter Include="Manager\Renderer">
      <UniqueIdentifier>{83631401-3d1c-43bd-8626-38492fa16b71}</UniqueIdentifier>
    </Filter>
    <Filter Include="Manager\SceneManager">
      <UniqueIdentifier>{0317e473-3751-439a-892c-159a2b48f2a0}</UniqueIdentifier>
    </Filter>
    <Filter Include="Entity\Camera">
      <UniqueIdentifier>{3a5dd083-eed2-4adc-96aa-9abdc3cb30bc}</UniqueIdentifier>
    </Filter>
    <Filter Include="Manager\EntityManager">
      <UniqueIdentifier>{e72727b2-f5d8-4ba3-ab35-3d0b1e5b4809}</UniqueIdentifier>
    </Filter>
    <Filter Include="Entity\Player">
      <UniqueIdentifier>{2202533c-2f90-43e6-bc4d-5bdb801ae54b}</UniqueIdentifier>
    </Filter>
  </ItemGroup>
  <ItemGroup>
    <ClInclude Include="types.h">
      <Filter>Header</Filter>
    </ClInclude>
    <ClInclude Include="GameManager.h">
      <Filter>Manager\GameManager</Filter>
    </ClInclude>
    <ClInclude Include="pch.h">
      <Filter>Header</Filter>
    </ClInclude>
    <ClInclude Include="SceneManager.h">
      <Filter>Manager\SceneManager</Filter>
    </ClInclude>
    <ClInclude Include="Camera.h">
      <Filter>Entity\Camera</Filter>
    </ClInclude>
    <ClInclude Include="InputManager.h">
      <Filter>Manager\InputManager</Filter>
    </ClInclude>
    <ClInclude Include="Singleton.h">
      <Filter>Manager\DesignPattern</Filter>
    </ClInclude>
    <ClInclude Include="Entity.h">
      <Filter>Entity</Filter>
    </ClInclude>
    <ClInclude Include="EntityManager.h">
      <Filter>Manager\EntityManager</Filter>
    </ClInclude>
    <ClInclude Include="Player.h">
      <Filter>Entity\Player</Filter>
    </ClInclude>
  </ItemGroup>
</Project>